schema: '2.0'
stages:
  get_data:
    cmd: python scripts/data.py
    deps:
    - path: scripts/data.py
      hash: md5
      md5: 0fe5c5a833ff7ff1bee5213ea59f23f1
      size: 1678
    params:
      params.yaml:
        autostage: true
        index_col: flat_id
    outs:
    - path: data/initial_data.csv
      hash: md5
      md5: c856035ea3dac5005bd6a516de171cd7
      size: 17720971
  fit_model:
    cmd: python scripts/fit.py
    deps:
    - path: data/initial_data.csv
      hash: md5
      md5: c856035ea3dac5005bd6a516de171cd7
      size: 17720971
    - path: scripts/fit.py
      hash: md5
      md5: a4ba19b0d028b811efa9354a7d8d3e1c
      size: 2283
    params:
      params.yaml:
        autostage: true
        depth: 6
        eval_metric: RMSE
        index_col: flat_id
        iterations: 1000
        learning_rate: 0.1
        loss_function: RMSE
        one_hot_drop: if_binary
        random_seed: 42
        retrain: true
        target_col: price
    outs:
    - path: models/fitted_model.pkl
      hash: md5
      md5: 61d3c54dbb9eab8e082f7ed6a283b140
      size: 1122328
  evaluate_model:
    cmd: python scripts/evaluate.py
    deps:
    - path: models/fitted_model.pkl
      hash: md5
      md5: 61d3c54dbb9eab8e082f7ed6a283b140
      size: 1122328
    - path: scripts/evaluate.py
      hash: md5
      md5: 4127cb51b67cd7befe31deee25139788
      size: 1306
    params:
      params.yaml:
        autostage: true
        index_col: flat_id
        metrics:
        - neg_mean_absolute_error
        - neg_root_mean_squared_error
        - r2
        - neg_mean_absolute_percentage_error
        n_jobs: -1
        n_splits: 5
        retrain: true
        target_col: price
    outs:
    - path: cv_results/cv_res.json
      hash: md5
      md5: fdc8d7f64ccad16936d2608397730994
      size: 200
