schema: '2.0'
stages:
  get_data:
    cmd: python scripts/data.py
    deps:
    - path: scripts/data.py
      hash: md5
      md5: 0fe5c5a833ff7ff1bee5213ea59f23f1
      size: 1678
    params:
      params.yaml:
        autostage: true
        index_col: flat_id
    outs:
    - path: data/initial_data.csv
      hash: md5
      md5: a5a36bdd44a865b140b422835dae0da1
      size: 17720971
      cloud:
        my_storage:
          etag: a5a36bdd44a865b140b422835dae0da1
          version_id: 00062F84E25A9C55
  fit_model:
    cmd: python scripts/fit.py
    deps:
    - path: data/initial_data.csv
      hash: md5
      md5: a5a36bdd44a865b140b422835dae0da1
      size: 17720971
    - path: scripts/fit.py
      hash: md5
      md5: 4825930166d0e816f3104cc93262bd01
      size: 1623
    params:
      params.yaml:
        autostage: true
        depth: 6
        index_col: flat_id
        learning_rate: 0.1
        loss_function: RMSE
        min_child_samples: 3
        one_hot_drop: if_binary
        random_state: 42
        retrain: true
        target_col: price
    outs:
    - path: models/fitted_model.pkl
      hash: md5
      md5: a1bc98bad9b11a456eef45d8d5fd45f2
      size: 1186335
  evaluate_model:
    cmd: python scripts/evaluate.py
    deps:
    - path: models/fitted_model.pkl
      hash: md5
      md5: a1bc98bad9b11a456eef45d8d5fd45f2
      size: 1186335
    - path: scripts/evaluate.py
      hash: md5
      md5: 7014bd887c0395d126c1e5405cf0ddbd
      size: 1356
    params:
      params.yaml:
        autostage: true
        index_col: flat_id
        metrics:
        - neg_mean_absolute_error
        - neg_root_mean_squared_error
        - r2
        - neg_mean_absolute_percentage_error
        n_jobs: -1
        n_splits: 5
        retrain: true
        target_col: price
    outs:
    - path: cv_results/cv_res.json
      hash: md5
      md5: 82b75efcb29f892788b89dff91b17d1a
      size: 204
